
Microsoft Visual Studio Solution File, Format Version 12.00
# Visual Studio 2013
VisualStudioVersion = 12.0.21005.1
MinimumVisualStudioVersion = 10.0.40219.1
Project("{FAE04EC0-301F-11D3-BF4B-00C04F79EFBC}") = "Solution.Models", "Solution.Models\Solution.Models.csproj", "{FD4A4DD0-5AE2-47AF-9EFF-CE148B9C62B7}"
EndProject
Project("{FAE04EC0-301F-11D3-BF4B-00C04F79EFBC}") = "Solution.Common", "Solution.Common\Solution.Common.csproj", "{1A7A2F2A-F09E-4549-8DB6-FD8D34383277}"
EndProject
Project("{FAE04EC0-301F-11D3-BF4B-00C04F79EFBC}") = "Solution.Web", "Solution.Web\Solution.Web.csproj", "{D9455E12-E9E9-4598-88F1-2D0EE31BE349}"
EndProject
Project("{FAE04EC0-301F-11D3-BF4B-00C04F79EFBC}") = "Solution.Services", "Solution.Services\Solution.Services.csproj", "{0B64AFBB-FD43-4870-98E3-8C4AA9F40603}"
EndProject
Project("{FAE04EC0-301F-11D3-BF4B-00C04F79EFBC}") = "Solution.Core", "Solution.Core\Solution.Core.csproj", "{61EC3922-7D40-4B85-9787-983451BAE712}"
EndProject
Project("{FAE04EC0-301F-11D3-BF4B-00C04F79EFBC}") = "Solution.Framework", "Solution.Framework\Solution.Framework.csproj", "{2E464D8C-8BC1-4629-AE06-04AC15E42C9F}"
EndProject
Global
	GlobalSection(SolutionConfigurationPlatforms) = preSolution
		Debug|Any CPU = Debug|Any CPU
		Release|Any CPU = Release|Any CPU
	EndGlobalSection
	GlobalSection(ProjectConfigurationPlatforms) = postSolution
		{FD4A4DD0-5AE2-47AF-9EFF-CE148B9C62B7}.Debug|Any CPU.ActiveCfg = Debug|Any CPU
		{FD4A4DD0-5AE2-47AF-9EFF-CE148B9C62B7}.Debug|Any CPU.Build.0 = Debug|Any CPU
		{FD4A4DD0-5AE2-47AF-9EFF-CE148B9C62B7}.Release|Any CPU.ActiveCfg = Release|Any CPU
		{FD4A4DD0-5AE2-47AF-9EFF-CE148B9C62B7}.Release|Any CPU.Build.0 = Release|Any CPU
		{1A7A2F2A-F09E-4549-8DB6-FD8D34383277}.Debug|Any CPU.ActiveCfg = Debug|Any CPU
		{1A7A2F2A-F09E-4549-8DB6-FD8D34383277}.Debug|Any CPU.Build.0 = Debug|Any CPU
		{1A7A2F2A-F09E-4549-8DB6-FD8D34383277}.Release|Any CPU.ActiveCfg = Release|Any CPU
		{1A7A2F2A-F09E-4549-8DB6-FD8D34383277}.Release|Any CPU.Build.0 = Release|Any CPU
		{D9455E12-E9E9-4598-88F1-2D0EE31BE349}.Debug|Any CPU.ActiveCfg = Debug|Any CPU
		{D9455E12-E9E9-4598-88F1-2D0EE31BE349}.Debug|Any CPU.Build.0 = Debug|Any CPU
		{D9455E12-E9E9-4598-88F1-2D0EE31BE349}.Release|Any CPU.ActiveCfg = Release|Any CPU
		{D9455E12-E9E9-4598-88F1-2D0EE31BE349}.Release|Any CPU.Build.0 = Release|Any CPU
		{0B64AFBB-FD43-4870-98E3-8C4AA9F40603}.Debug|Any CPU.ActiveCfg = Debug|Any CPU
		{0B64AFBB-FD43-4870-98E3-8C4AA9F40603}.Debug|Any CPU.Build.0 = Debug|Any CPU
		{0B64AFBB-FD43-4870-98E3-8C4AA9F40603}.Release|Any CPU.ActiveCfg = Release|Any CPU
		{0B64AFBB-FD43-4870-98E3-8C4AA9F40603}.Release|Any CPU.Build.0 = Release|Any CPU
		{61EC3922-7D40-4B85-9787-983451BAE712}.Debug|Any CPU.ActiveCfg = Debug|Any CPU
		{61EC3922-7D40-4B85-9787-983451BAE712}.Debug|Any CPU.Build.0 = Debug|Any CPU
		{61EC3922-7D40-4B85-9787-983451BAE712}.Release|Any CPU.ActiveCfg = Release|Any CPU
		{61EC3922-7D40-4B85-9787-983451BAE712}.Release|Any CPU.Build.0 = Release|Any CPU
		{2E464D8C-8BC1-4629-AE06-04AC15E42C9F}.Debug|Any CPU.ActiveCfg = Debug|Any CPU
		{2E464D8C-8BC1-4629-AE06-04AC15E42C9F}.Debug|Any CPU.Build.0 = Debug|Any CPU
		{2E464D8C-8BC1-4629-AE06-04AC15E42C9F}.Release|Any CPU.ActiveCfg = Release|Any CPU
		{2E464D8C-8BC1-4629-AE06-04AC15E42C9F}.Release|Any CPU.Build.0 = Release|Any CPU
	EndGlobalSection
	GlobalSection(SolutionProperties) = preSolution
		HideSolutionNode = FALSE
	EndGlobalSection
EndGlobal
